
Microsoft Visual Studio Solution File, Format Version 12.00
# Visual Studio Version 17
VisualStudioVersion = 17.11.35327.3
MinimumVisualStudioVersion = 10.0.40219.1
Project("{FAE04EC0-301F-11D3-BF4B-00C04F79EFBC}") = "Tic-Tac-Toe", "Tic-Tac-Toe.csproj", "{2C203D32-6066-422A-943F-E9F6000D2182}"
EndProject
Global
	GlobalSection(SolutionConfigurationPlatforms) = preSolution
		Debug|Any CPU = Debug|Any CPU
		Release|Any CPU = Release|Any CPU
	EndGlobalSection
	GlobalSection(ProjectConfigurationPlatforms) = postSolution
		{2C203D32-6066-422A-943F-E9F6000D2182}.Debug|Any CPU.ActiveCfg = Debug|Any CPU
		{2C203D32-6066-422A-943F-E9F6000D2182}.Debug|Any CPU.Build.0 = Debug|Any CPU
		{2C203D32-6066-422A-943F-E9F6000D2182}.Release|Any CPU.ActiveCfg = Release|Any CPU
		{2C203D32-6066-422A-943F-E9F6000D2182}.Release|Any CPU.Build.0 = Release|Any CPU
	EndGlobalSection
	GlobalSection(SolutionProperties) = preSolution
		HideSolutionNode = FALSE
	EndGlobalSection
	GlobalSection(ExtensibilityGlobals) = postSolution
		SolutionGuid = {64686279-39A4-431A-8B96-9D78E95129CA}
	EndGlobalSection
EndGlobal
